hash: 404aaa7f42bf18fa62214588e7fa4a4193ec21895d90400235949f429daa7cce
updated: 2019-05-07T17:05:43.3310663+02:00
imports:
- name: github.com/Azure/go-ansiterm
  version: d6e3b3328b783f23731bc4d058875b0371ff8109
  subpackages:
  - winterm
- name: github.com/beorn7/perks
  version: 4b2b341e8d7715fae06375aa633dbb6e91b3fb46
  subpackages:
  - quantile
- name: github.com/Bowery/prompt
  version: 972d0ceb96f55132a1ba9714cb771ce19b3821ab
- name: github.com/containerd/containerd
  version: a17c8095716415cebb1157a27db5fccace56b0fc
  subpackages:
  - api/services/containers/v1
  - api/services/content/v1
  - api/services/diff/v1
  - api/services/events/v1
  - api/services/images/v1
  - api/services/introspection/v1
  - api/services/leases/v1
  - api/services/namespaces/v1
  - api/services/snapshots/v1
  - api/services/tasks/v1
  - api/services/version/v1
  - api/types
  - api/types/task
  - archive
  - archive/compression
  - cio
  - containers
  - content
  - content/proxy
  - defaults
  - diff
  - errdefs
  - events
  - events/exchange
  - filters
  - identifiers
  - images
  - images/archive
  - images/oci
  - labels
  - leases
  - leases/proxy
  - log
  - mount
  - namespaces
  - oci
  - pkg/dialer
  - platforms
  - plugin
  - reference
  - remotes
  - remotes/docker
  - remotes/docker/schema1
  - rootfs
  - runtime/linux/runctypes
  - runtime/v2/runc/options
  - snapshots
  - snapshots/proxy
  - sys
  - version
- name: github.com/containerd/continuity
  version: aaeac12a7ffcd198ae25440a9dff125c2e2703a7
  subpackages:
  - fs
  - pathdriver
  - syscallx
  - sysx
- name: github.com/containerd/fifo
  version: a9fb20d87448d386e6d50b1f2e1fa70dcf0de43c
- name: github.com/containerd/ttrpc
  version: 699c4e40d1e7416e08bf7019c7ce2e9beced4636
- name: github.com/containerd/typeurl
  version: 2a93cfde8c20b23de8eb84a5adbc234ddf7a9e8d
- name: github.com/davecgh/go-spew
  version: 8991bc29aa16c548c550c7ff78260e27b9ab7c73
  subpackages:
  - spew
- name: github.com/docker/cli
  version: 3273c2e23546dddd0ff8bb499f4aba02fe60bf30
  subpackages:
  - cli/command
  - cli/config
  - cli/config/configfile
  - cli/config/credentials
  - cli/config/types
  - cli/connhelper
  - cli/connhelper/commandconn
  - cli/connhelper/ssh
  - cli/context
  - cli/context/docker
  - cli/context/kubernetes
  - cli/context/store
  - cli/debug
  - cli/flags
  - cli/manifest/store
  - cli/manifest/types
  - cli/registry/client
  - cli/streams
  - cli/trust
  - cli/version
  - internal/containerizedengine
  - internal/versions
  - kubernetes
  - opts
  - types
- name: github.com/docker/compose-on-kubernetes
  version: ab8fbb5f414d8658e0e363c10489dcf9e9da29b4
  subpackages:
  - api
  - api/compose/clone
  - api/compose/impersonation
  - api/compose/v1alpha3
  - api/compose/v1beta1
  - api/compose/v1beta2
- name: github.com/docker/distribution
  version: 6d62eb1d4a3515399431b713fde3ce5a9b40e8d5
  subpackages:
  - digestset
  - manifest
  - manifest/manifestlist
  - manifest/schema2
  - metrics
  - reference
  - registry/api/errcode
  - registry/api/v2
  - registry/client
  - registry/client/auth
  - registry/client/auth/challenge
  - registry/client/transport
  - registry/storage/cache
  - registry/storage/cache/memory
  - uuid
- name: github.com/docker/docker
  version: c2cb72e0858a61932007d549f788382117df66e6
  subpackages:
  - api
  - api/types
  - api/types/blkiodev
  - api/types/container
  - api/types/events
  - api/types/filters
  - api/types/image
  - api/types/mount
  - api/types/network
  - api/types/registry
  - api/types/strslice
  - api/types/swarm
  - api/types/swarm/runtime
  - api/types/time
  - api/types/versions
  - api/types/volume
  - client
  - errdefs
  - pkg/archive
  - pkg/fileutils
  - pkg/homedir
  - pkg/idtools
  - pkg/ioutils
  - pkg/jsonmessage
  - pkg/longpath
  - pkg/mount
  - pkg/pools
  - pkg/stringid
  - pkg/system
  - pkg/tarsum
  - pkg/term
  - pkg/term/windows
  - registry
  - registry/resumable
- name: github.com/docker/docker-credential-helpers
  version: 063cca0a6dba47b43cb41ac0bad709b0ec5b1433
  subpackages:
  - client
  - credentials
- name: github.com/docker/go
  version: d30aec9fd63c35133f8f79c3412ad91a3b08be06
  subpackages:
  - canonical/json
- name: github.com/docker/go-connections
  version: 97c2040d34dfae1d1b1275fa3a78dbdd2f41cf7e
  subpackages:
  - nat
  - sockets
  - tlsconfig
- name: github.com/docker/go-events
  version: 9461782956ad83b30282bf90e31fa6a70c255ba9
- name: github.com/docker/go-metrics
  version: b84716841b82eab644a0c64fc8b42d480e49add5
- name: github.com/docker/go-units
  version: 2fb04c6466a548a03cb009c5569ee1ab1e35398e
- name: github.com/gogo/googleapis
  version: d31c731455cb061f42baff3bda55bad0118b126b
  subpackages:
  - google/rpc
- name: github.com/gogo/protobuf
  version: 342cbe0a04158f6dcb03ca0079991a51a4248c02
  subpackages:
  - proto
  - sortkeys
  - types
- name: github.com/golang/protobuf
  version: aa810b61a9c79d51363740d207bb46cf8e620ed5
  subpackages:
  - proto
  - ptypes
  - ptypes/any
  - ptypes/duration
  - ptypes/timestamp
- name: github.com/google/gofuzz
  version: 24818f796faf91cd76ec7bddd72458fbced7a6c1
- name: github.com/googleapis/gnostic
  version: 0c5108395e2debce0d731cf0287ddf7242066aba
  subpackages:
  - OpenAPIv2
  - compiler
  - extensions
- name: github.com/gorilla/mux
  version: c5c6c98bc25355028a63748a498942a6398ccd22
- name: github.com/hashicorp/go-version
  version: 192140e6f3e645d971b134d4e35b5191adb9dfd3
- name: github.com/imdario/mergo
  version: 9316a62528ac99aaecb4e47eadd6dc8aa6533d58
- name: github.com/inconshreveable/mousetrap
  version: 76626ae9c91c4f2a10f34cad8ce83ea42c93bb75
- name: github.com/json-iterator/go
  version: ab8a2e0c74be9d3be70b3184d9acc634935ded82
- name: github.com/konsorten/go-windows-terminal-sequences
  version: f55edac94c9bbba5d6182a4be46d86a2c9b5b50e
- name: github.com/labstack/gommon
  version: 82ef680aef5189b68682876cf70d09daa4ac0f51
  subpackages:
  - color
- name: github.com/mattn/go-colorable
  version: 3a70a971f94a22f2fa562ffcc7a0eb45f5daf045
- name: github.com/mattn/go-isatty
  version: c1975dc15c1d481e8da23f6ed313bb071136b98f
- name: github.com/matttproud/golang_protobuf_extensions
  version: c182affec369e30f25d3eb8cd8a478dee585ae7d
  subpackages:
  - pbutil
- name: github.com/Microsoft/go-winio
  version: 84b4ab48a50763fe7b3abcef38e5205c12027fac
  subpackages:
  - pkg/guid
- name: github.com/Microsoft/hcsshim
  version: 8941106abedbc5aa3708266f0dd65f8a49344724
  subpackages:
  - internal/guid
  - internal/hcs
  - internal/hcserror
  - internal/hns
  - internal/interop
  - internal/logfields
  - internal/longpath
  - internal/mergemaps
  - internal/safefile
  - internal/schema1
  - internal/schema2
  - internal/timeout
  - internal/wclayer
- name: github.com/miekg/pkcs11
  version: a667d056470f6e0da7facaff2466f0d2645e35d7
- name: github.com/mkideal/cli
  version: 41df2d00b0edfa4614da67cf68f41df9d4e55539
- name: github.com/mkideal/pkg
  version: 3e188c9e7ecc83d0fe7040a9161ce3c67885470d
  subpackages:
  - debug
  - expr
- name: github.com/modern-go/concurrent
  version: bacd9c7ef1dd9b15be4a9909b8ac7a4e313eec94
- name: github.com/modern-go/reflect2
  version: 94122c33edd36123c84d5368cfb2b69df93a0ec8
- name: github.com/morikuni/aec
  version: 39771216ff4c63d11f5e604076f9c45e8be1067b
- name: github.com/op/go-logging
  version: 970db520ece77730c7e4724c61121037378659d9
- name: github.com/opencontainers/go-digest
  version: ac19fd6e7483ff933754af248d80be865e543d22
- name: github.com/opencontainers/image-spec
  version: da296dcb1e473a9b4e2d148941d7faa9ac8fea3f
  subpackages:
  - identity
  - specs-go
  - specs-go/v1
- name: github.com/opencontainers/runc
  version: dae70e8efea4199c8ac3d8c80eb23e1f75e60ebf
  subpackages:
  - libcontainer/system
  - libcontainer/user
- name: github.com/opencontainers/runtime-spec
  version: a1b50f621a48ad13f8f696a162f684a241307db0
  subpackages:
  - specs-go
- name: github.com/pkg/errors
  version: 27936f6d90f9c8e1145f11ed52ffffbfdb9e0af7
- name: github.com/prometheus/client_golang
  version: 6aba2189ebe6959268894366998500defefa2907
  subpackages:
  - prometheus
  - prometheus/internal
  - prometheus/promhttp
- name: github.com/prometheus/client_model
  version: fd36f4220a901265f90734c3183c5f0c91daa0b8
  subpackages:
  - go
- name: github.com/prometheus/common
  version: c873fb1f9420b83ee703b4361c61183b4619f74d
  subpackages:
  - expfmt
  - internal/bitbucket.org/ww/goautoneg
  - model
- name: github.com/prometheus/procfs
  version: 87a4384529e0652f5035fb5cc8095faf73ea9b0b
- name: github.com/sirupsen/logrus
  version: 9b3cdde74fbe9443d704467498a7dcb61a79de9b
- name: github.com/spf13/cobra
  version: 67fc4837d267bc9bfd6e47f77783fcc3dffc68de
- name: github.com/spf13/pflag
  version: 583c0c0531f06d5278b7d917446061adc344b5cd
- name: github.com/syndtr/gocapability
  version: d98352740cb2c55f81556b63d4a1ec64c5a319c2
  subpackages:
  - capability
- name: github.com/theupdateframework/notary
  version: 8ff3ca06ec48f31e1f1d2685e3e6a9f65b6b92b5
  subpackages:
  - client
  - client/changelist
  - cryptoservice
  - passphrase
  - storage
  - trustmanager
  - trustmanager/yubikey
  - trustpinning
  - tuf
  - tuf/data
  - tuf/signed
  - tuf/utils
  - tuf/validation
- name: golang.org/x/crypto
  version: e84da0312774c21d64ee2317962ef669b27ffb41
  subpackages:
  - ed25519
  - ed25519/internal/edwards25519
  - pbkdf2
  - ssh/terminal
- name: golang.org/x/net
  version: 65e2d4e15006aab9813ff8769e768bbf4bb667a0
  subpackages:
  - context
  - context/ctxhttp
  - http/httpguts
  - http2
  - http2/hpack
  - idna
  - internal/socks
  - internal/timeseries
  - proxy
  - trace
- name: golang.org/x/oauth2
  version: 9f3314589c9a9136388751d9adae6b0ed400978a
  subpackages:
  - internal
- name: golang.org/x/sync
  version: 42b317875d0fa942474b76e1b46a6060d720ae6e
  subpackages:
  - errgroup
  - semaphore
- name: golang.org/x/sys
  version: 4b34438f7a67ee5f45cc6132e2bad873a20324e9
  subpackages:
  - unix
  - windows
- name: golang.org/x/text
  version: e6919f6577db79269a6443b9dc46d18f2238fb5d
  subpackages:
  - secure/bidirule
  - transform
  - unicode/bidi
  - unicode/norm
- name: golang.org/x/time
  version: f51c12702a4d776e4c1fa9b0fabab841babae631
  subpackages:
  - rate
- name: google.golang.org/appengine
  version: 54a98f90d1c46b7731eb8fb305d2a321c30ef610
  subpackages:
  - internal
  - internal/base
  - internal/datastore
  - internal/log
  - internal/remote_api
  - internal/urlfetch
  - urlfetch
- name: google.golang.org/genproto
  version: 64821d5d210748c883cd2b809589555ae4654203
  subpackages:
  - googleapis/rpc/status
- name: google.golang.org/grpc
  version: e33051174bc15b756823131f1161f46a4b265c3a
  subpackages:
  - balancer
  - balancer/base
  - balancer/roundrobin
  - binarylog/grpc_binarylog_v1
  - codes
  - connectivity
  - credentials
  - credentials/internal
  - encoding
  - encoding/proto
  - grpclog
  - health/grpc_health_v1
  - internal
  - internal/backoff
  - internal/balancerload
  - internal/binarylog
  - internal/channelz
  - internal/envconfig
  - internal/grpcrand
  - internal/grpcsync
  - internal/syscall
  - internal/transport
  - keepalive
  - metadata
  - naming
  - peer
  - resolver
  - resolver/dns
  - resolver/passthrough
  - stats
  - status
  - tap
- name: gopkg.in/inf.v0
  version: 3887ee99ecf07df5b447e9b00d9c0b2adaa9f3e4
- name: gopkg.in/yaml.v2
  version: 51d6538a90f86fe93ac480b35f37b2be17fef232
- name: k8s.io/api
  version: 181e1f9c52c1a4e72e64db906923efc79a76a8e3
  subpackages:
  - admissionregistration/v1beta1
  - apps/v1
  - apps/v1beta1
  - apps/v1beta2
  - auditregistration/v1alpha1
  - authentication/v1
  - authentication/v1beta1
  - authorization/v1
  - authorization/v1beta1
  - autoscaling/v1
  - autoscaling/v2beta1
  - autoscaling/v2beta2
  - batch/v1
  - batch/v1beta1
  - batch/v2alpha1
  - certificates/v1beta1
  - coordination/v1
  - coordination/v1beta1
  - core/v1
  - events/v1beta1
  - extensions/v1beta1
  - networking/v1
  - networking/v1beta1
  - node/v1alpha1
  - node/v1beta1
  - policy/v1beta1
  - rbac/v1
  - rbac/v1alpha1
  - rbac/v1beta1
  - scheduling/v1
  - scheduling/v1alpha1
  - scheduling/v1beta1
  - settings/v1alpha1
  - storage/v1
  - storage/v1alpha1
  - storage/v1beta1
- name: k8s.io/apimachinery
  version: 17f84483f50094cc9bb94364a06f4776c1aa9a3f
  subpackages:
  - pkg/api/errors
  - pkg/api/resource
  - pkg/apis/meta/v1
  - pkg/apis/meta/v1/unstructured
  - pkg/conversion
  - pkg/conversion/queryparams
  - pkg/fields
  - pkg/labels
  - pkg/runtime
  - pkg/runtime/schema
  - pkg/runtime/serializer
  - pkg/runtime/serializer/json
  - pkg/runtime/serializer/protobuf
  - pkg/runtime/serializer/recognizer
  - pkg/runtime/serializer/streaming
  - pkg/runtime/serializer/versioning
  - pkg/selection
  - pkg/types
  - pkg/util/clock
  - pkg/util/errors
  - pkg/util/framer
  - pkg/util/intstr
  - pkg/util/json
  - pkg/util/naming
  - pkg/util/net
  - pkg/util/runtime
  - pkg/util/sets
  - pkg/util/validation
  - pkg/util/validation/field
  - pkg/util/yaml
  - pkg/version
  - pkg/watch
  - third_party/forked/golang/reflect
- name: k8s.io/client-go
  version: ef81ee0960bf57e94c697d674a1a8f5694c0ec9a
  subpackages:
  - discovery
  - kubernetes/scheme
  - pkg/apis/clientauthentication
  - pkg/apis/clientauthentication/v1alpha1
  - pkg/apis/clientauthentication/v1beta1
  - pkg/version
  - plugin/pkg/client/auth/exec
  - rest
  - rest/watch
  - tools/auth
  - tools/clientcmd
  - tools/clientcmd/api
  - tools/clientcmd/api/latest
  - tools/clientcmd/api/v1
  - tools/metrics
  - transport
  - util/cert
  - util/connrotation
  - util/flowcontrol
  - util/homedir
  - util/keyutil
- name: k8s.io/klog
  version: e531227889390a39d9533dde61f590fe9f4b0035
- name: k8s.io/utils
  version: c2654d5206da6b7b6ace12841e8f359bb89b443c
  subpackages:
  - integer
- name: sigs.k8s.io/yaml
  version: fd68e9863619f6ec2fdd8625fe1f02e7c877e480
- name: vbom.ml/util
  version: efcd4e0f97874370259c7d93e12aad57911dea81
  subpackages:
  - sortorder
testImports: []
