hash: 983aa930a311edcbefefc18f87b0a2d84346eea8e87fb6be82e6d39ed03daa72
updated: 2019-04-28T22:31:07.680625+02:00
imports:
- name: github.com/Bowery/prompt
  version: 972d0ceb96f55132a1ba9714cb771ce19b3821ab
- name: github.com/docker/distribution
  version: 3226863cbcba6dbc2f6c83a37b28126c934af3f8
  subpackages:
  - digestset
  - reference
  - registry/api/errcode
- name: github.com/docker/docker
  version: 0c07dad66a09b393165b5f6c44d8f7eda2a722cb
  subpackages:
  - api
  - api/types
  - api/types/blkiodev
  - api/types/container
  - api/types/events
  - api/types/filters
  - api/types/image
  - api/types/mount
  - api/types/network
  - api/types/registry
  - api/types/strslice
  - api/types/swarm
  - api/types/swarm/runtime
  - api/types/time
  - api/types/versions
  - api/types/volume
  - client
  - errdefs
- name: github.com/docker/go-connections
  version: b44139defdac517e3f71df1e60826f8a262a2482
  subpackages:
  - nat
  - sockets
  - tlsconfig
- name: github.com/docker/go-units
  version: 519db1ee28dcc9fd2474ae59fca29a810482bfb1
- name: github.com/gogo/protobuf
  version: 67e450fba6944c63d2f80b7553b0ef522d345962
  subpackages:
  - proto
- name: github.com/golang/protobuf
  version: e91709a02e0e8ff8b86b7aa913fdc9ae9498e825
  subpackages:
  - proto
  - ptypes
  - ptypes/any
  - ptypes/duration
  - ptypes/timestamp
- name: github.com/konsorten/go-windows-terminal-sequences
  version: f55edac94c9bbba5d6182a4be46d86a2c9b5b50e
- name: github.com/labstack/gommon
  version: 82ef680aef5189b68682876cf70d09daa4ac0f51
  subpackages:
  - color
- name: github.com/mattn/go-colorable
  version: 3a70a971f94a22f2fa562ffcc7a0eb45f5daf045
- name: github.com/mattn/go-isatty
  version: c1975dc15c1d481e8da23f6ed313bb071136b98f
- name: github.com/Microsoft/go-winio
  version: 3fe4fa31662f6ede2353d913e93907b8e096e0b6
  subpackages:
  - pkg/guid
- name: github.com/mkideal/cli
  version: 41df2d00b0edfa4614da67cf68f41df9d4e55539
- name: github.com/mkideal/pkg
  version: 3e188c9e7ecc83d0fe7040a9161ce3c67885470d
  subpackages:
  - debug
  - expr
- name: github.com/opencontainers/go-digest
  version: ac19fd6e7483ff933754af248d80be865e543d22
- name: github.com/opencontainers/image-spec
  version: da296dcb1e473a9b4e2d148941d7faa9ac8fea3f
  subpackages:
  - specs-go
  - specs-go/v1
- name: github.com/pkg/errors
  version: 27936f6d90f9c8e1145f11ed52ffffbfdb9e0af7
- name: github.com/sirupsen/logrus
  version: 9b3cdde74fbe9443d704467498a7dcb61a79de9b
- name: golang.org/x/net
  version: 4829fb13d2c62012c17688fa7f629f371014946d
  subpackages:
  - internal/socks
  - proxy
- name: golang.org/x/sys
  version: 804c0c7841b595338f049388006a3945cb3cfad1
  subpackages:
  - unix
  - windows
- name: google.golang.org/genproto
  version: 357c62f0e4bbba7e6cc403ae09edcf3e2b9028fe
  subpackages:
  - googleapis/rpc/status
- name: google.golang.org/grpc
  version: a90198c718cf1e4c69867c118b00a0d9e5659f58
  subpackages:
  - codes
  - status
- name: gopkg.in/yaml.v2
  version: 51d6538a90f86fe93ac480b35f37b2be17fef232
testImports: []
